
Microsoft Visual Studio Solution File, Format Version 12.00
# Visual Studio Version 16
VisualStudioVersion = 16.0.30804.86
MinimumVisualStudioVersion = 10.0.40219.1
Project("{FAE04EC0-301F-11D3-BF4B-00C04F79EFBC}") = "API", "API\API.csproj", "{DEC14D56-78AE-406B-A9AB-8C2EB4FB66CC}"
EndProject
Project("{FAE04EC0-301F-11D3-BF4B-00C04F79EFBC}") = "Api.Client", "Api.Client\Api.Client.csproj", "{14C318B8-6741-4972-A2D8-E246A0B0BE9C}"
EndProject
Global
	GlobalSection(SolutionConfigurationPlatforms) = preSolution
		Debug|Any CPU = Debug|Any CPU
		Release|Any CPU = Release|Any CPU
	EndGlobalSection
	GlobalSection(ProjectConfigurationPlatforms) = postSolution
		{DEC14D56-78AE-406B-A9AB-8C2EB4FB66CC}.Debug|Any CPU.ActiveCfg = Debug|Any CPU
		{DEC14D56-78AE-406B-A9AB-8C2EB4FB66CC}.Debug|Any CPU.Build.0 = Debug|Any CPU
		{DEC14D56-78AE-406B-A9AB-8C2EB4FB66CC}.Release|Any CPU.ActiveCfg = Release|Any CPU
		{DEC14D56-78AE-406B-A9AB-8C2EB4FB66CC}.Release|Any CPU.Build.0 = Release|Any CPU
		{14C318B8-6741-4972-A2D8-E246A0B0BE9C}.Debug|Any CPU.ActiveCfg = Debug|Any CPU
		{14C318B8-6741-4972-A2D8-E246A0B0BE9C}.Debug|Any CPU.Build.0 = Debug|Any CPU
		{14C318B8-6741-4972-A2D8-E246A0B0BE9C}.Release|Any CPU.ActiveCfg = Release|Any CPU
		{14C318B8-6741-4972-A2D8-E246A0B0BE9C}.Release|Any CPU.Build.0 = Release|Any CPU
	EndGlobalSection
	GlobalSection(SolutionProperties) = preSolution
		HideSolutionNode = FALSE
	EndGlobalSection
	GlobalSection(ExtensibilityGlobals) = postSolution
		SolutionGuid = {E17F7A13-BADA-436D-9ECF-BBE802352578}
	EndGlobalSection
EndGlobal
